
Microsoft Visual Studio Solution File, Format Version 12.00
Project("{FAE04EC0-301F-11D3-BF4B-00C04F79EFBC}") = "_001", "_001\_001.csproj", "{9B751769-0BC5-4BDC-9FEB-A894044C6626}"
EndProject
Project("{FAE04EC0-301F-11D3-BF4B-00C04F79EFBC}") = "_002", "_002\_002.csproj", "{71DDE0FF-88DF-42D8-BE65-9049BC8F9D1C}"
EndProject
Project("{FAE04EC0-301F-11D3-BF4B-00C04F79EFBC}") = "_003", "_003\_003.csproj", "{0C16ABF5-A6E9-42D7-BD80-CD12E155960C}"
EndProject
Project("{FAE04EC0-301F-11D3-BF4B-00C04F79EFBC}") = "_004", "_004\_004.csproj", "{1D621847-52AF-4082-A0E8-4C9F14EFE82B}"
EndProject
Project("{FAE04EC0-301F-11D3-BF4B-00C04F79EFBC}") = "_005", "_005\_005.csproj", "{70E6FA24-C027-4869-A14D-8572DF313BBF}"
EndProject
Project("{FAE04EC0-301F-11D3-BF4B-00C04F79EFBC}") = "_006", "_006\_006.csproj", "{83CD9029-AFBE-4715-9B7F-43EDA22FE4BE}"
EndProject
Global
	GlobalSection(SolutionConfigurationPlatforms) = preSolution
		Debug|Any CPU = Debug|Any CPU
		Release|Any CPU = Release|Any CPU
	EndGlobalSection
	GlobalSection(ProjectConfigurationPlatforms) = postSolution
		{9B751769-0BC5-4BDC-9FEB-A894044C6626}.Debug|Any CPU.ActiveCfg = Debug|Any CPU
		{9B751769-0BC5-4BDC-9FEB-A894044C6626}.Debug|Any CPU.Build.0 = Debug|Any CPU
		{9B751769-0BC5-4BDC-9FEB-A894044C6626}.Release|Any CPU.ActiveCfg = Release|Any CPU
		{9B751769-0BC5-4BDC-9FEB-A894044C6626}.Release|Any CPU.Build.0 = Release|Any CPU
		{71DDE0FF-88DF-42D8-BE65-9049BC8F9D1C}.Debug|Any CPU.ActiveCfg = Debug|Any CPU
		{71DDE0FF-88DF-42D8-BE65-9049BC8F9D1C}.Debug|Any CPU.Build.0 = Debug|Any CPU
		{71DDE0FF-88DF-42D8-BE65-9049BC8F9D1C}.Release|Any CPU.ActiveCfg = Release|Any CPU
		{71DDE0FF-88DF-42D8-BE65-9049BC8F9D1C}.Release|Any CPU.Build.0 = Release|Any CPU
		{0C16ABF5-A6E9-42D7-BD80-CD12E155960C}.Debug|Any CPU.ActiveCfg = Debug|Any CPU
		{0C16ABF5-A6E9-42D7-BD80-CD12E155960C}.Debug|Any CPU.Build.0 = Debug|Any CPU
		{0C16ABF5-A6E9-42D7-BD80-CD12E155960C}.Release|Any CPU.ActiveCfg = Release|Any CPU
		{0C16ABF5-A6E9-42D7-BD80-CD12E155960C}.Release|Any CPU.Build.0 = Release|Any CPU
		{1D621847-52AF-4082-A0E8-4C9F14EFE82B}.Debug|Any CPU.ActiveCfg = Debug|Any CPU
		{1D621847-52AF-4082-A0E8-4C9F14EFE82B}.Debug|Any CPU.Build.0 = Debug|Any CPU
		{1D621847-52AF-4082-A0E8-4C9F14EFE82B}.Release|Any CPU.ActiveCfg = Release|Any CPU
		{1D621847-52AF-4082-A0E8-4C9F14EFE82B}.Release|Any CPU.Build.0 = Release|Any CPU
		{70E6FA24-C027-4869-A14D-8572DF313BBF}.Debug|Any CPU.ActiveCfg = Debug|Any CPU
		{70E6FA24-C027-4869-A14D-8572DF313BBF}.Debug|Any CPU.Build.0 = Debug|Any CPU
		{70E6FA24-C027-4869-A14D-8572DF313BBF}.Release|Any CPU.ActiveCfg = Release|Any CPU
		{70E6FA24-C027-4869-A14D-8572DF313BBF}.Release|Any CPU.Build.0 = Release|Any CPU
		{83CD9029-AFBE-4715-9B7F-43EDA22FE4BE}.Debug|Any CPU.ActiveCfg = Debug|Any CPU
		{83CD9029-AFBE-4715-9B7F-43EDA22FE4BE}.Debug|Any CPU.Build.0 = Debug|Any CPU
		{83CD9029-AFBE-4715-9B7F-43EDA22FE4BE}.Release|Any CPU.ActiveCfg = Release|Any CPU
		{83CD9029-AFBE-4715-9B7F-43EDA22FE4BE}.Release|Any CPU.Build.0 = Release|Any CPU
	EndGlobalSection
EndGlobal
