
Microsoft Visual Studio Solution File, Format Version 12.00
Project("{FAE04EC0-301F-11D3-BF4B-00C04F79EFBC}") = "_001", "_001\_001.csproj", "{D0207105-2D56-49C2-B793-F98BD080BA96}"
EndProject
Project("{FAE04EC0-301F-11D3-BF4B-00C04F79EFBC}") = "_002", "_002\_002.csproj", "{2FF4BA14-3E01-4867-B2BD-C6F4B5237EB7}"
EndProject
Project("{FAE04EC0-301F-11D3-BF4B-00C04F79EFBC}") = "_003", "_003\_003.csproj", "{A1E9C039-A97C-48A3-B40B-50EC37D0F9D4}"
EndProject
Project("{FAE04EC0-301F-11D3-BF4B-00C04F79EFBC}") = "_004", "_004\_004.csproj", "{19208F9D-068B-4DBC-B1E6-DD049D7A0EE1}"
EndProject
Project("{FAE04EC0-301F-11D3-BF4B-00C04F79EFBC}") = "_005", "_005\_005.csproj", "{1B0BEBAF-D97A-4ECC-B992-B033A07D916C}"
EndProject
Project("{FAE04EC0-301F-11D3-BF4B-00C04F79EFBC}") = "_006", "_006\_006.csproj", "{DF28A5FD-5F90-429C-B054-DA79F3E0A9D6}"
EndProject
Project("{FAE04EC0-301F-11D3-BF4B-00C04F79EFBC}") = "_007", "_007\_007.csproj", "{CC21F98C-4663-4502-ACFC-2B0C5261D378}"
EndProject
Project("{FAE04EC0-301F-11D3-BF4B-00C04F79EFBC}") = "_008", "_008\_008.csproj", "{EC7CD4CD-2635-4579-987A-D0EEA1853070}"
EndProject
Global
	GlobalSection(SolutionConfigurationPlatforms) = preSolution
		Debug|Any CPU = Debug|Any CPU
		Release|Any CPU = Release|Any CPU
	EndGlobalSection
	GlobalSection(ProjectConfigurationPlatforms) = postSolution
		{D0207105-2D56-49C2-B793-F98BD080BA96}.Debug|Any CPU.ActiveCfg = Debug|Any CPU
		{D0207105-2D56-49C2-B793-F98BD080BA96}.Debug|Any CPU.Build.0 = Debug|Any CPU
		{D0207105-2D56-49C2-B793-F98BD080BA96}.Release|Any CPU.ActiveCfg = Release|Any CPU
		{D0207105-2D56-49C2-B793-F98BD080BA96}.Release|Any CPU.Build.0 = Release|Any CPU
		{2FF4BA14-3E01-4867-B2BD-C6F4B5237EB7}.Debug|Any CPU.ActiveCfg = Debug|Any CPU
		{2FF4BA14-3E01-4867-B2BD-C6F4B5237EB7}.Debug|Any CPU.Build.0 = Debug|Any CPU
		{2FF4BA14-3E01-4867-B2BD-C6F4B5237EB7}.Release|Any CPU.ActiveCfg = Release|Any CPU
		{2FF4BA14-3E01-4867-B2BD-C6F4B5237EB7}.Release|Any CPU.Build.0 = Release|Any CPU
		{A1E9C039-A97C-48A3-B40B-50EC37D0F9D4}.Debug|Any CPU.ActiveCfg = Debug|Any CPU
		{A1E9C039-A97C-48A3-B40B-50EC37D0F9D4}.Debug|Any CPU.Build.0 = Debug|Any CPU
		{A1E9C039-A97C-48A3-B40B-50EC37D0F9D4}.Release|Any CPU.ActiveCfg = Release|Any CPU
		{A1E9C039-A97C-48A3-B40B-50EC37D0F9D4}.Release|Any CPU.Build.0 = Release|Any CPU
		{19208F9D-068B-4DBC-B1E6-DD049D7A0EE1}.Debug|Any CPU.ActiveCfg = Debug|Any CPU
		{19208F9D-068B-4DBC-B1E6-DD049D7A0EE1}.Debug|Any CPU.Build.0 = Debug|Any CPU
		{19208F9D-068B-4DBC-B1E6-DD049D7A0EE1}.Release|Any CPU.ActiveCfg = Release|Any CPU
		{19208F9D-068B-4DBC-B1E6-DD049D7A0EE1}.Release|Any CPU.Build.0 = Release|Any CPU
		{1B0BEBAF-D97A-4ECC-B992-B033A07D916C}.Debug|Any CPU.ActiveCfg = Debug|Any CPU
		{1B0BEBAF-D97A-4ECC-B992-B033A07D916C}.Debug|Any CPU.Build.0 = Debug|Any CPU
		{1B0BEBAF-D97A-4ECC-B992-B033A07D916C}.Release|Any CPU.ActiveCfg = Release|Any CPU
		{1B0BEBAF-D97A-4ECC-B992-B033A07D916C}.Release|Any CPU.Build.0 = Release|Any CPU
		{DF28A5FD-5F90-429C-B054-DA79F3E0A9D6}.Debug|Any CPU.ActiveCfg = Debug|Any CPU
		{DF28A5FD-5F90-429C-B054-DA79F3E0A9D6}.Debug|Any CPU.Build.0 = Debug|Any CPU
		{DF28A5FD-5F90-429C-B054-DA79F3E0A9D6}.Release|Any CPU.ActiveCfg = Release|Any CPU
		{DF28A5FD-5F90-429C-B054-DA79F3E0A9D6}.Release|Any CPU.Build.0 = Release|Any CPU
		{CC21F98C-4663-4502-ACFC-2B0C5261D378}.Debug|Any CPU.ActiveCfg = Debug|Any CPU
		{CC21F98C-4663-4502-ACFC-2B0C5261D378}.Debug|Any CPU.Build.0 = Debug|Any CPU
		{CC21F98C-4663-4502-ACFC-2B0C5261D378}.Release|Any CPU.ActiveCfg = Release|Any CPU
		{CC21F98C-4663-4502-ACFC-2B0C5261D378}.Release|Any CPU.Build.0 = Release|Any CPU
		{EC7CD4CD-2635-4579-987A-D0EEA1853070}.Debug|Any CPU.ActiveCfg = Debug|Any CPU
		{EC7CD4CD-2635-4579-987A-D0EEA1853070}.Debug|Any CPU.Build.0 = Debug|Any CPU
		{EC7CD4CD-2635-4579-987A-D0EEA1853070}.Release|Any CPU.ActiveCfg = Release|Any CPU
		{EC7CD4CD-2635-4579-987A-D0EEA1853070}.Release|Any CPU.Build.0 = Release|Any CPU
	EndGlobalSection
EndGlobal
