
Microsoft Visual Studio Solution File, Format Version 12.00
Project("{FAE04EC0-301F-11D3-BF4B-00C04F79EFBC}") = "_001", "_001\_001.csproj", "{EE38BCF2-2496-4F35-8AF6-8AC896227F81}"
EndProject
Project("{FAE04EC0-301F-11D3-BF4B-00C04F79EFBC}") = "_002", "_002\_002.csproj", "{BBA7C72C-EC85-4A39-858D-579BC1D21715}"
EndProject
Project("{FAE04EC0-301F-11D3-BF4B-00C04F79EFBC}") = "_003", "_003\_003.csproj", "{CD708C32-272D-49F4-AED8-B0A4DD315AD5}"
EndProject
Project("{FAE04EC0-301F-11D3-BF4B-00C04F79EFBC}") = "_004", "_004\_004.csproj", "{E1FEBC81-7E56-4D59-96B3-300936CD36AD}"
EndProject
Project("{FAE04EC0-301F-11D3-BF4B-00C04F79EFBC}") = "_005", "_005\_005.csproj", "{1AD8258B-4709-4971-AD9B-9D3982BEBC8E}"
EndProject
Project("{FAE04EC0-301F-11D3-BF4B-00C04F79EFBC}") = "_006", "_006\_006.csproj", "{B2BDF385-4E73-4D9D-A74B-AC0D2EA8F3FB}"
EndProject
Project("{FAE04EC0-301F-11D3-BF4B-00C04F79EFBC}") = "_007", "_007\_007.csproj", "{26CEF771-54B0-40C5-8036-FBA216536A1B}"
EndProject
Project("{FAE04EC0-301F-11D3-BF4B-00C04F79EFBC}") = "_008", "_008\_008.csproj", "{B2DCA0FC-1860-4F9F-85B7-4121A93F7B1F}"
EndProject
Project("{FAE04EC0-301F-11D3-BF4B-00C04F79EFBC}") = "_009", "_009\_009.csproj", "{09EB214A-EE66-4C6B-A5C9-5E6D9E0792E5}"
EndProject
Project("{FAE04EC0-301F-11D3-BF4B-00C04F79EFBC}") = "_010", "_010\_010.csproj", "{A30F6B1F-E332-4E51-BF36-A65DD7A104EC}"
EndProject
Project("{FAE04EC0-301F-11D3-BF4B-00C04F79EFBC}") = "_011", "_011\_011.csproj", "{5176FF0C-0A2E-4E95-9A41-E1D1D0FC2F69}"
EndProject
Project("{FAE04EC0-301F-11D3-BF4B-00C04F79EFBC}") = "_012", "_012\_012.csproj", "{DE4F65CE-2DAC-42BB-A759-BC807A64C305}"
EndProject
Project("{FAE04EC0-301F-11D3-BF4B-00C04F79EFBC}") = "_013", "_013\_013.csproj", "{7B3500BF-0C85-4F86-9BF0-DACD6AA4DDEF}"
EndProject
Project("{FAE04EC0-301F-11D3-BF4B-00C04F79EFBC}") = "_014", "_014\_014.csproj", "{AFFB49CD-64F2-4EAE-A490-A8D81C5C4932}"
EndProject
Project("{FAE04EC0-301F-11D3-BF4B-00C04F79EFBC}") = "_015", "_015\_015.csproj", "{32000D52-2037-44C1-A12E-101415D6CA59}"
EndProject
Global
	GlobalSection(SolutionConfigurationPlatforms) = preSolution
		Debug|Any CPU = Debug|Any CPU
		Release|Any CPU = Release|Any CPU
	EndGlobalSection
	GlobalSection(ProjectConfigurationPlatforms) = postSolution
		{EE38BCF2-2496-4F35-8AF6-8AC896227F81}.Debug|Any CPU.ActiveCfg = Debug|Any CPU
		{EE38BCF2-2496-4F35-8AF6-8AC896227F81}.Debug|Any CPU.Build.0 = Debug|Any CPU
		{EE38BCF2-2496-4F35-8AF6-8AC896227F81}.Release|Any CPU.ActiveCfg = Release|Any CPU
		{EE38BCF2-2496-4F35-8AF6-8AC896227F81}.Release|Any CPU.Build.0 = Release|Any CPU
		{BBA7C72C-EC85-4A39-858D-579BC1D21715}.Debug|Any CPU.ActiveCfg = Debug|Any CPU
		{BBA7C72C-EC85-4A39-858D-579BC1D21715}.Debug|Any CPU.Build.0 = Debug|Any CPU
		{BBA7C72C-EC85-4A39-858D-579BC1D21715}.Release|Any CPU.ActiveCfg = Release|Any CPU
		{BBA7C72C-EC85-4A39-858D-579BC1D21715}.Release|Any CPU.Build.0 = Release|Any CPU
		{CD708C32-272D-49F4-AED8-B0A4DD315AD5}.Debug|Any CPU.ActiveCfg = Debug|Any CPU
		{CD708C32-272D-49F4-AED8-B0A4DD315AD5}.Debug|Any CPU.Build.0 = Debug|Any CPU
		{CD708C32-272D-49F4-AED8-B0A4DD315AD5}.Release|Any CPU.ActiveCfg = Release|Any CPU
		{CD708C32-272D-49F4-AED8-B0A4DD315AD5}.Release|Any CPU.Build.0 = Release|Any CPU
		{E1FEBC81-7E56-4D59-96B3-300936CD36AD}.Debug|Any CPU.ActiveCfg = Debug|Any CPU
		{E1FEBC81-7E56-4D59-96B3-300936CD36AD}.Debug|Any CPU.Build.0 = Debug|Any CPU
		{E1FEBC81-7E56-4D59-96B3-300936CD36AD}.Release|Any CPU.ActiveCfg = Release|Any CPU
		{E1FEBC81-7E56-4D59-96B3-300936CD36AD}.Release|Any CPU.Build.0 = Release|Any CPU
		{1AD8258B-4709-4971-AD9B-9D3982BEBC8E}.Debug|Any CPU.ActiveCfg = Debug|Any CPU
		{1AD8258B-4709-4971-AD9B-9D3982BEBC8E}.Debug|Any CPU.Build.0 = Debug|Any CPU
		{1AD8258B-4709-4971-AD9B-9D3982BEBC8E}.Release|Any CPU.ActiveCfg = Release|Any CPU
		{1AD8258B-4709-4971-AD9B-9D3982BEBC8E}.Release|Any CPU.Build.0 = Release|Any CPU
		{B2BDF385-4E73-4D9D-A74B-AC0D2EA8F3FB}.Debug|Any CPU.ActiveCfg = Debug|Any CPU
		{B2BDF385-4E73-4D9D-A74B-AC0D2EA8F3FB}.Debug|Any CPU.Build.0 = Debug|Any CPU
		{B2BDF385-4E73-4D9D-A74B-AC0D2EA8F3FB}.Release|Any CPU.ActiveCfg = Release|Any CPU
		{B2BDF385-4E73-4D9D-A74B-AC0D2EA8F3FB}.Release|Any CPU.Build.0 = Release|Any CPU
		{26CEF771-54B0-40C5-8036-FBA216536A1B}.Debug|Any CPU.ActiveCfg = Debug|Any CPU
		{26CEF771-54B0-40C5-8036-FBA216536A1B}.Debug|Any CPU.Build.0 = Debug|Any CPU
		{26CEF771-54B0-40C5-8036-FBA216536A1B}.Release|Any CPU.ActiveCfg = Release|Any CPU
		{26CEF771-54B0-40C5-8036-FBA216536A1B}.Release|Any CPU.Build.0 = Release|Any CPU
		{B2DCA0FC-1860-4F9F-85B7-4121A93F7B1F}.Debug|Any CPU.ActiveCfg = Debug|Any CPU
		{B2DCA0FC-1860-4F9F-85B7-4121A93F7B1F}.Debug|Any CPU.Build.0 = Debug|Any CPU
		{B2DCA0FC-1860-4F9F-85B7-4121A93F7B1F}.Release|Any CPU.ActiveCfg = Release|Any CPU
		{B2DCA0FC-1860-4F9F-85B7-4121A93F7B1F}.Release|Any CPU.Build.0 = Release|Any CPU
		{09EB214A-EE66-4C6B-A5C9-5E6D9E0792E5}.Debug|Any CPU.ActiveCfg = Debug|Any CPU
		{09EB214A-EE66-4C6B-A5C9-5E6D9E0792E5}.Debug|Any CPU.Build.0 = Debug|Any CPU
		{09EB214A-EE66-4C6B-A5C9-5E6D9E0792E5}.Release|Any CPU.ActiveCfg = Release|Any CPU
		{09EB214A-EE66-4C6B-A5C9-5E6D9E0792E5}.Release|Any CPU.Build.0 = Release|Any CPU
		{A30F6B1F-E332-4E51-BF36-A65DD7A104EC}.Debug|Any CPU.ActiveCfg = Debug|Any CPU
		{A30F6B1F-E332-4E51-BF36-A65DD7A104EC}.Debug|Any CPU.Build.0 = Debug|Any CPU
		{A30F6B1F-E332-4E51-BF36-A65DD7A104EC}.Release|Any CPU.ActiveCfg = Release|Any CPU
		{A30F6B1F-E332-4E51-BF36-A65DD7A104EC}.Release|Any CPU.Build.0 = Release|Any CPU
		{5176FF0C-0A2E-4E95-9A41-E1D1D0FC2F69}.Debug|Any CPU.ActiveCfg = Debug|Any CPU
		{5176FF0C-0A2E-4E95-9A41-E1D1D0FC2F69}.Debug|Any CPU.Build.0 = Debug|Any CPU
		{5176FF0C-0A2E-4E95-9A41-E1D1D0FC2F69}.Release|Any CPU.ActiveCfg = Release|Any CPU
		{5176FF0C-0A2E-4E95-9A41-E1D1D0FC2F69}.Release|Any CPU.Build.0 = Release|Any CPU
		{DE4F65CE-2DAC-42BB-A759-BC807A64C305}.Debug|Any CPU.ActiveCfg = Debug|Any CPU
		{DE4F65CE-2DAC-42BB-A759-BC807A64C305}.Debug|Any CPU.Build.0 = Debug|Any CPU
		{DE4F65CE-2DAC-42BB-A759-BC807A64C305}.Release|Any CPU.ActiveCfg = Release|Any CPU
		{DE4F65CE-2DAC-42BB-A759-BC807A64C305}.Release|Any CPU.Build.0 = Release|Any CPU
		{7B3500BF-0C85-4F86-9BF0-DACD6AA4DDEF}.Debug|Any CPU.ActiveCfg = Debug|Any CPU
		{7B3500BF-0C85-4F86-9BF0-DACD6AA4DDEF}.Debug|Any CPU.Build.0 = Debug|Any CPU
		{7B3500BF-0C85-4F86-9BF0-DACD6AA4DDEF}.Release|Any CPU.ActiveCfg = Release|Any CPU
		{7B3500BF-0C85-4F86-9BF0-DACD6AA4DDEF}.Release|Any CPU.Build.0 = Release|Any CPU
		{AFFB49CD-64F2-4EAE-A490-A8D81C5C4932}.Debug|Any CPU.ActiveCfg = Debug|Any CPU
		{AFFB49CD-64F2-4EAE-A490-A8D81C5C4932}.Debug|Any CPU.Build.0 = Debug|Any CPU
		{AFFB49CD-64F2-4EAE-A490-A8D81C5C4932}.Release|Any CPU.ActiveCfg = Release|Any CPU
		{AFFB49CD-64F2-4EAE-A490-A8D81C5C4932}.Release|Any CPU.Build.0 = Release|Any CPU
		{32000D52-2037-44C1-A12E-101415D6CA59}.Debug|Any CPU.ActiveCfg = Debug|Any CPU
		{32000D52-2037-44C1-A12E-101415D6CA59}.Debug|Any CPU.Build.0 = Debug|Any CPU
		{32000D52-2037-44C1-A12E-101415D6CA59}.Release|Any CPU.ActiveCfg = Release|Any CPU
		{32000D52-2037-44C1-A12E-101415D6CA59}.Release|Any CPU.Build.0 = Release|Any CPU
	EndGlobalSection
EndGlobal
