
Microsoft Visual Studio Solution File, Format Version 12.00
Project("{FAE04EC0-301F-11D3-BF4B-00C04F79EFBC}") = "_001", "_001\_001.csproj", "{9EBA8DF1-91D7-4B1E-83C6-340815717721}"
EndProject
Project("{FAE04EC0-301F-11D3-BF4B-00C04F79EFBC}") = "_002", "_002\_002.csproj", "{F64A53AA-9A08-411A-B746-7927FCD6E2A8}"
EndProject
Project("{FAE04EC0-301F-11D3-BF4B-00C04F79EFBC}") = "_003", "_003\_003.csproj", "{A0835B42-BFCD-47C4-9954-43BCFCA10ED2}"
EndProject
Project("{FAE04EC0-301F-11D3-BF4B-00C04F79EFBC}") = "_004", "_004\_004.csproj", "{73EFC4BC-7E14-4E75-9C01-D592A6E79E7B}"
EndProject
Project("{FAE04EC0-301F-11D3-BF4B-00C04F79EFBC}") = "_005", "_005\_005.csproj", "{97E6AFEF-6BEB-46BC-8336-96027419AEBA}"
EndProject
Project("{FAE04EC0-301F-11D3-BF4B-00C04F79EFBC}") = "_006", "_006\_006.csproj", "{C6E1275C-0F18-4160-B0C9-35B7A8607E74}"
EndProject
Project("{FAE04EC0-301F-11D3-BF4B-00C04F79EFBC}") = "_007", "_007\_007.csproj", "{0E086237-55BA-447C-92A2-B627F2722FBE}"
EndProject
Global
	GlobalSection(SolutionConfigurationPlatforms) = preSolution
		Debug|Any CPU = Debug|Any CPU
		Release|Any CPU = Release|Any CPU
	EndGlobalSection
	GlobalSection(ProjectConfigurationPlatforms) = postSolution
		{9EBA8DF1-91D7-4B1E-83C6-340815717721}.Debug|Any CPU.ActiveCfg = Debug|Any CPU
		{9EBA8DF1-91D7-4B1E-83C6-340815717721}.Debug|Any CPU.Build.0 = Debug|Any CPU
		{9EBA8DF1-91D7-4B1E-83C6-340815717721}.Release|Any CPU.ActiveCfg = Release|Any CPU
		{9EBA8DF1-91D7-4B1E-83C6-340815717721}.Release|Any CPU.Build.0 = Release|Any CPU
		{F64A53AA-9A08-411A-B746-7927FCD6E2A8}.Debug|Any CPU.ActiveCfg = Debug|Any CPU
		{F64A53AA-9A08-411A-B746-7927FCD6E2A8}.Debug|Any CPU.Build.0 = Debug|Any CPU
		{F64A53AA-9A08-411A-B746-7927FCD6E2A8}.Release|Any CPU.ActiveCfg = Release|Any CPU
		{F64A53AA-9A08-411A-B746-7927FCD6E2A8}.Release|Any CPU.Build.0 = Release|Any CPU
		{A0835B42-BFCD-47C4-9954-43BCFCA10ED2}.Debug|Any CPU.ActiveCfg = Debug|Any CPU
		{A0835B42-BFCD-47C4-9954-43BCFCA10ED2}.Debug|Any CPU.Build.0 = Debug|Any CPU
		{A0835B42-BFCD-47C4-9954-43BCFCA10ED2}.Release|Any CPU.ActiveCfg = Release|Any CPU
		{A0835B42-BFCD-47C4-9954-43BCFCA10ED2}.Release|Any CPU.Build.0 = Release|Any CPU
		{73EFC4BC-7E14-4E75-9C01-D592A6E79E7B}.Debug|Any CPU.ActiveCfg = Debug|Any CPU
		{73EFC4BC-7E14-4E75-9C01-D592A6E79E7B}.Debug|Any CPU.Build.0 = Debug|Any CPU
		{73EFC4BC-7E14-4E75-9C01-D592A6E79E7B}.Release|Any CPU.ActiveCfg = Release|Any CPU
		{73EFC4BC-7E14-4E75-9C01-D592A6E79E7B}.Release|Any CPU.Build.0 = Release|Any CPU
		{97E6AFEF-6BEB-46BC-8336-96027419AEBA}.Debug|Any CPU.ActiveCfg = Debug|Any CPU
		{97E6AFEF-6BEB-46BC-8336-96027419AEBA}.Debug|Any CPU.Build.0 = Debug|Any CPU
		{97E6AFEF-6BEB-46BC-8336-96027419AEBA}.Release|Any CPU.ActiveCfg = Release|Any CPU
		{97E6AFEF-6BEB-46BC-8336-96027419AEBA}.Release|Any CPU.Build.0 = Release|Any CPU
		{C6E1275C-0F18-4160-B0C9-35B7A8607E74}.Debug|Any CPU.ActiveCfg = Debug|Any CPU
		{C6E1275C-0F18-4160-B0C9-35B7A8607E74}.Debug|Any CPU.Build.0 = Debug|Any CPU
		{C6E1275C-0F18-4160-B0C9-35B7A8607E74}.Release|Any CPU.ActiveCfg = Release|Any CPU
		{C6E1275C-0F18-4160-B0C9-35B7A8607E74}.Release|Any CPU.Build.0 = Release|Any CPU
		{0E086237-55BA-447C-92A2-B627F2722FBE}.Debug|Any CPU.ActiveCfg = Debug|Any CPU
		{0E086237-55BA-447C-92A2-B627F2722FBE}.Debug|Any CPU.Build.0 = Debug|Any CPU
		{0E086237-55BA-447C-92A2-B627F2722FBE}.Release|Any CPU.ActiveCfg = Release|Any CPU
		{0E086237-55BA-447C-92A2-B627F2722FBE}.Release|Any CPU.Build.0 = Release|Any CPU
	EndGlobalSection
EndGlobal
